
Microsoft Visual Studio Solution File, Format Version 12.00
# Visual Studio Version 17
VisualStudioVersion = 17.0.31903.59
MinimumVisualStudioVersion = 10.0.40219.1
Project("{FAE04EC0-301F-11D3-BF4B-00C04F79EFBC}") = "grpc-dotnet7-service", "grpc-dotnet7-service\grpc-dotnet7-service.csproj", "{D73B7DEC-5CDD-45FD-ADDE-F06B6942B712}"
EndProject
Project("{FAE04EC0-301F-11D3-BF4B-00C04F79EFBC}") = "grpc-framework48-client", "grpc-framework48-client\grpc-framework48-client.csproj", "{D9D31971-3729-4E91-BA66-7234ED39FA3F}"
EndProject
Global
	GlobalSection(SolutionConfigurationPlatforms) = preSolution
		Debug|Any CPU = Debug|Any CPU
		Release|Any CPU = Release|Any CPU
	EndGlobalSection
	GlobalSection(ProjectConfigurationPlatforms) = postSolution
		{D73B7DEC-5CDD-45FD-ADDE-F06B6942B712}.Debug|Any CPU.ActiveCfg = Debug|Any CPU
		{D73B7DEC-5CDD-45FD-ADDE-F06B6942B712}.Debug|Any CPU.Build.0 = Debug|Any CPU
		{D73B7DEC-5CDD-45FD-ADDE-F06B6942B712}.Release|Any CPU.ActiveCfg = Release|Any CPU
		{D73B7DEC-5CDD-45FD-ADDE-F06B6942B712}.Release|Any CPU.Build.0 = Release|Any CPU
		{D9D31971-3729-4E91-BA66-7234ED39FA3F}.Debug|Any CPU.ActiveCfg = Debug|Any CPU
		{D9D31971-3729-4E91-BA66-7234ED39FA3F}.Debug|Any CPU.Build.0 = Debug|Any CPU
		{D9D31971-3729-4E91-BA66-7234ED39FA3F}.Release|Any CPU.ActiveCfg = Release|Any CPU
		{D9D31971-3729-4E91-BA66-7234ED39FA3F}.Release|Any CPU.Build.0 = Release|Any CPU
	EndGlobalSection
	GlobalSection(SolutionProperties) = preSolution
		HideSolutionNode = FALSE
	EndGlobalSection
	GlobalSection(ExtensibilityGlobals) = postSolution
		SolutionGuid = {F6F02F46-36A3-417F-95F4-C269266FC0AE}
	EndGlobalSection
EndGlobal
